
Microsoft Visual Studio Solution File, Format Version 12.00
# Visual Studio Version 17
VisualStudioVersion = 17.2.32630.192
MinimumVisualStudioVersion = 10.0.40219.1
Project("{FAE04EC0-301F-11D3-BF4B-00C04F79EFBC}") = "ConsoleApp1", "ConsoleApp1.csproj", "{4BF8F48E-FC69-4873-85CD-6E36D9B2CC3E}"
EndProject
Global
	GlobalSection(SolutionConfigurationPlatforms) = preSolution
		Debug|Any CPU = Debug|Any CPU
		Release|Any CPU = Release|Any CPU
	EndGlobalSection
	GlobalSection(ProjectConfigurationPlatforms) = postSolution
		{4BF8F48E-FC69-4873-85CD-6E36D9B2CC3E}.Debug|Any CPU.ActiveCfg = Debug|Any CPU
		{4BF8F48E-FC69-4873-85CD-6E36D9B2CC3E}.Debug|Any CPU.Build.0 = Debug|Any CPU
		{4BF8F48E-FC69-4873-85CD-6E36D9B2CC3E}.Release|Any CPU.ActiveCfg = Release|Any CPU
		{4BF8F48E-FC69-4873-85CD-6E36D9B2CC3E}.Release|Any CPU.Build.0 = Release|Any CPU
	EndGlobalSection
	GlobalSection(SolutionProperties) = preSolution
		HideSolutionNode = FALSE
	EndGlobalSection
	GlobalSection(ExtensibilityGlobals) = postSolution
		SolutionGuid = {E3DEF61A-BFAB-4DBD-9870-1676DC6E2550}
	EndGlobalSection
EndGlobal
